
Microsoft Visual Studio Solution File, Format Version 12.00
# Visual Studio Version 17
VisualStudioVersion = 17.11.35312.102
MinimumVisualStudioVersion = 10.0.40219.1
Project("{9A19103F-16F7-4668-BE54-9A1E7A4F7556}") = "Victuz", "Victuz\Victuz.csproj", "{2CE9AA3A-1C0E-41B8-838B-19A78A75DE81}"
EndProject
Project("{9A19103F-16F7-4668-BE54-9A1E7A4F7556}") = "VictuzAPI", "VictuzAPI\VictuzAPI.csproj", "{8670344E-463D-4895-A274-A1179B2864EA}"
	ProjectSection(ProjectDependencies) = postProject
		{2CE9AA3A-1C0E-41B8-838B-19A78A75DE81} = {2CE9AA3A-1C0E-41B8-838B-19A78A75DE81}
	EndProjectSection
EndProject
Global
	GlobalSection(SolutionConfigurationPlatforms) = preSolution
		Debug|Any CPU = Debug|Any CPU
		Release|Any CPU = Release|Any CPU
	EndGlobalSection
	GlobalSection(ProjectConfigurationPlatforms) = postSolution
		{2CE9AA3A-1C0E-41B8-838B-19A78A75DE81}.Debug|Any CPU.ActiveCfg = Debug|Any CPU
		{2CE9AA3A-1C0E-41B8-838B-19A78A75DE81}.Debug|Any CPU.Build.0 = Debug|Any CPU
		{2CE9AA3A-1C0E-41B8-838B-19A78A75DE81}.Release|Any CPU.ActiveCfg = Release|Any CPU
		{2CE9AA3A-1C0E-41B8-838B-19A78A75DE81}.Release|Any CPU.Build.0 = Release|Any CPU
		{8670344E-463D-4895-A274-A1179B2864EA}.Debug|Any CPU.ActiveCfg = Debug|Any CPU
		{8670344E-463D-4895-A274-A1179B2864EA}.Debug|Any CPU.Build.0 = Debug|Any CPU
		{8670344E-463D-4895-A274-A1179B2864EA}.Release|Any CPU.ActiveCfg = Release|Any CPU
		{8670344E-463D-4895-A274-A1179B2864EA}.Release|Any CPU.Build.0 = Release|Any CPU
	EndGlobalSection
	GlobalSection(SolutionProperties) = preSolution
		HideSolutionNode = FALSE
	EndGlobalSection
	GlobalSection(ExtensibilityGlobals) = postSolution
		SolutionGuid = {338C5C08-FE1A-4AE7-BBAF-F72BF80EEEB6}
	EndGlobalSection
EndGlobal
